<?xml version="1.0" encoding="UTF-8" standalone="yes" ?>
<CodeBlocks_project_file>
   <FileVersion major="1" minor="6" />
   <Project>
      <Option title="XR1Controller" />
      <Option makefile_is_custom="1" />
      <Option compiler="gcc" />
      <Option virtualFolders="CMake Files\;" />
      <Build>
      <Target title="all">
         <Option working_dir="/home/rocky/catkin_ws/src/xr1controllerol/xr1controller-build" />
         <Option type="4" />
         <MakeCommands>
            <Build command="/usr/bin/make -f &quot;/home/rocky/catkin_ws/src/xr1controllerol/xr1controller-build/Makefile&quot;  VERBOSE=1 all" />
            <CompileFile command="/usr/bin/make -f &quot;/home/rocky/catkin_ws/src/xr1controllerol/xr1controller-build/Makefile&quot;  VERBOSE=1 &quot;$file&quot;" />
            <Clean command="/usr/bin/make -f &quot;/home/rocky/catkin_ws/src/xr1controllerol/xr1controller-build/Makefile&quot;  VERBOSE=1 clean" />
            <DistClean command="/usr/bin/make -f &quot;/home/rocky/catkin_ws/src/xr1controllerol/xr1controller-build/Makefile&quot;  VERBOSE=1 clean" />
         </MakeCommands>
      </Target>
      <Target title="edit_cache">
         <Option working_dir="/home/rocky/catkin_ws/src/xr1controllerol/xr1controller-build" />
         <Option type="4" />
         <MakeCommands>
            <Build command="/usr/bin/make -f &quot;/home/rocky/catkin_ws/src/xr1controllerol/xr1controller-build/Makefile&quot;  VERBOSE=1 edit_cache" />
            <CompileFile command="/usr/bin/make -f &quot;/home/rocky/catkin_ws/src/xr1controllerol/xr1controller-build/Makefile&quot;  VERBOSE=1 &quot;$file&quot;" />
            <Clean command="/usr/bin/make -f &quot;/home/rocky/catkin_ws/src/xr1controllerol/xr1controller-build/Makefile&quot;  VERBOSE=1 clean" />
            <DistClean command="/usr/bin/make -f &quot;/home/rocky/catkin_ws/src/xr1controllerol/xr1controller-build/Makefile&quot;  VERBOSE=1 clean" />
         </MakeCommands>
      </Target>
      <Target title="rebuild_cache">
         <Option working_dir="/home/rocky/catkin_ws/src/xr1controllerol/xr1controller-build" />
         <Option type="4" />
         <MakeCommands>
            <Build command="/usr/bin/make -f &quot;/home/rocky/catkin_ws/src/xr1controllerol/xr1controller-build/Makefile&quot;  VERBOSE=1 rebuild_cache" />
            <CompileFile command="/usr/bin/make -f &quot;/home/rocky/catkin_ws/src/xr1controllerol/xr1controller-build/Makefile&quot;  VERBOSE=1 &quot;$file&quot;" />
            <Clean command="/usr/bin/make -f &quot;/home/rocky/catkin_ws/src/xr1controllerol/xr1controller-build/Makefile&quot;  VERBOSE=1 clean" />
            <DistClean command="/usr/bin/make -f &quot;/home/rocky/catkin_ws/src/xr1controllerol/xr1controller-build/Makefile&quot;  VERBOSE=1 clean" />
         </MakeCommands>
      </Target>
      <Target title="XR1Controller">
         <Option output="/home/rocky/catkin_ws/src/xr1controllerol/xr1controller-build/libXR1Controller.so" prefix_auto="0" extension_auto="0" />
         <Option working_dir="/home/rocky/catkin_ws/src/xr1controllerol/xr1controller-build" />
         <Option object_output="./" />
         <Option type="3" />
         <Option compiler="gcc" />
         <Compiler>
            <Add directory="/home/rocky/qtXR1/XR1Controller/../Eigen3" />
            <Add directory="/home/rocky/qtXR1/XR1Controller/../XR1ControllerPM" />
            <Add directory="/home/rocky/qtXR1/XR1Controller/xr1controller.h" />
            <Add directory="/usr/include" />
            <Add directory="/usr/include/c++/5" />
            <Add directory="/usr/include/c++/5/backward" />
            <Add directory="/usr/include/x86_64-linux-gnu" />
            <Add directory="/usr/include/x86_64-linux-gnu/c++/5" />
            <Add directory="/usr/lib/gcc/x86_64-linux-gnu/5/include" />
            <Add directory="/usr/lib/gcc/x86_64-linux-gnu/5/include-fixed" />
            <Add directory="/usr/local/include" />
         </Compiler>
         <MakeCommands>
            <Build command="/usr/bin/make -f &quot;/home/rocky/catkin_ws/src/xr1controllerol/xr1controller-build/Makefile&quot;  VERBOSE=1 XR1Controller" />
            <CompileFile command="/usr/bin/make -f &quot;/home/rocky/catkin_ws/src/xr1controllerol/xr1controller-build/Makefile&quot;  VERBOSE=1 &quot;$file&quot;" />
            <Clean command="/usr/bin/make -f &quot;/home/rocky/catkin_ws/src/xr1controllerol/xr1controller-build/Makefile&quot;  VERBOSE=1 clean" />
            <DistClean command="/usr/bin/make -f &quot;/home/rocky/catkin_ws/src/xr1controllerol/xr1controller-build/Makefile&quot;  VERBOSE=1 clean" />
         </MakeCommands>
      </Target>
      <Target title="XR1Controller/fast">
         <Option output="/home/rocky/catkin_ws/src/xr1controllerol/xr1controller-build/libXR1Controller.so" prefix_auto="0" extension_auto="0" />
         <Option working_dir="/home/rocky/catkin_ws/src/xr1controllerol/xr1controller-build" />
         <Option object_output="./" />
         <Option type="3" />
         <Option compiler="gcc" />
         <Compiler>
            <Add directory="/home/rocky/qtXR1/XR1Controller/../Eigen3" />
            <Add directory="/home/rocky/qtXR1/XR1Controller/../XR1ControllerPM" />
            <Add directory="/home/rocky/qtXR1/XR1Controller/xr1controller.h" />
            <Add directory="/usr/include" />
            <Add directory="/usr/include/c++/5" />
            <Add directory="/usr/include/c++/5/backward" />
            <Add directory="/usr/include/x86_64-linux-gnu" />
            <Add directory="/usr/include/x86_64-linux-gnu/c++/5" />
            <Add directory="/usr/lib/gcc/x86_64-linux-gnu/5/include" />
            <Add directory="/usr/lib/gcc/x86_64-linux-gnu/5/include-fixed" />
            <Add directory="/usr/local/include" />
         </Compiler>
         <MakeCommands>
            <Build command="/usr/bin/make -f &quot;/home/rocky/catkin_ws/src/xr1controllerol/xr1controller-build/Makefile&quot;  VERBOSE=1 XR1Controller/fast" />
            <CompileFile command="/usr/bin/make -f &quot;/home/rocky/catkin_ws/src/xr1controllerol/xr1controller-build/Makefile&quot;  VERBOSE=1 &quot;$file&quot;" />
            <Clean command="/usr/bin/make -f &quot;/home/rocky/catkin_ws/src/xr1controllerol/xr1controller-build/Makefile&quot;  VERBOSE=1 clean" />
            <DistClean command="/usr/bin/make -f &quot;/home/rocky/catkin_ws/src/xr1controllerol/xr1controller-build/Makefile&quot;  VERBOSE=1 clean" />
         </MakeCommands>
      </Target>
      </Build>
      <Unit filename="/home/rocky/qtXR1/XR1Controller/xr1controller.cpp">
         <Option target="XR1Controller"/>
      </Unit>
      <Unit filename="/home/rocky/qtXR1/XR1Controller/xr1controller.h">
         <Option target="XR1Controller"/>
      </Unit>
      <Unit filename="/home/rocky/qtXR1/XR1Controller/CMakeLists.txt">
          <Option virtualFolder="CMake Files\" />
      </Unit>
   </Project>
</CodeBlocks_project_file>
